
Microsoft Visual Studio Solution File, Format Version 12.00
# Visual Studio Version 17
VisualStudioVersion = 17.14.37301.10 d17.14
MinimumVisualStudioVersion = 10.0.40219.1
Project("{FAE04EC0-301F-11D3-BF4B-00C04F79EFBC}") = "zalohovacManager", "zalohovacManager\zalohovacManager.csproj", "{AD40CF1F-014F-4C2A-919D-A974ED416785}"
EndProject
Global
	GlobalSection(SolutionConfigurationPlatforms) = preSolution
		Debug|Any CPU = Debug|Any CPU
		Release|Any CPU = Release|Any CPU
	EndGlobalSection
	GlobalSection(ProjectConfigurationPlatforms) = postSolution
		{AD40CF1F-014F-4C2A-919D-A974ED416785}.Debug|Any CPU.ActiveCfg = Debug|Any CPU
		{AD40CF1F-014F-4C2A-919D-A974ED416785}.Debug|Any CPU.Build.0 = Debug|Any CPU
		{AD40CF1F-014F-4C2A-919D-A974ED416785}.Release|Any CPU.ActiveCfg = Release|Any CPU
		{AD40CF1F-014F-4C2A-919D-A974ED416785}.Release|Any CPU.Build.0 = Release|Any CPU
	EndGlobalSection
	GlobalSection(SolutionProperties) = preSolution
		HideSolutionNode = FALSE
	EndGlobalSection
	GlobalSection(ExtensibilityGlobals) = postSolution
		SolutionGuid = {4E121DE6-8A11-42AB-8D42-9FB371B45326}
	EndGlobalSection
EndGlobal
